
Microsoft Visual Studio Solution File, Format Version 12.00
# Visual Studio Version 17
VisualStudioVersion = 17.0.31903.59
MinimumVisualStudioVersion = 10.0.40219.1
Project("{2150E333-8FDC-42A3-9474-1A3956D46DE8}") = "src", "src", "{9196B93B-0FE8-4467-99D3-43DFC59D858F}"
EndProject
Project("{9A19103F-16F7-4668-BE54-9A1E7A4F7556}") = "SmPlatform.Model", "src\SmPlatform.Model\SmPlatform.Model.csproj", "{DEB20918-8E1D-4A89-86F1-EDA69B698673}"
EndProject
Project("{9A19103F-16F7-4668-BE54-9A1E7A4F7556}") = "SmPlatform.ManagementApi", "src\SmPlatform.Api\SmPlatform.ManagementApi.csproj", "{7BE6E888-7406-4FC1-9F93-A30DDEA2B102}"
EndProject
Project("{2150E333-8FDC-42A3-9474-1A3956D46DE8}") = "test", "test", "{7B9F84E5-B822-4F65-B2D3-4C77B0C6D514}"
EndProject
Project("{9A19103F-16F7-4668-BE54-9A1E7A4F7556}") = "SmPlatform.Api.Test", "test\SmPlatform.Api.Test\SmPlatform.Api.Test.csproj", "{8F42E95F-055B-42CA-9804-C9722D30F090}"
EndProject
Project("{9A19103F-16F7-4668-BE54-9A1E7A4F7556}") = "SmPlatform.BuildingBlock", "src\SmPlatform.BuildingBlock\SmPlatform.BuildingBlock.csproj", "{B8EF65A4-57E3-47D0-BA76-25F799A2CC36}"
EndProject
Global
	GlobalSection(SolutionConfigurationPlatforms) = preSolution
		Debug|Any CPU = Debug|Any CPU
		Release|Any CPU = Release|Any CPU
	EndGlobalSection
	GlobalSection(ProjectConfigurationPlatforms) = postSolution
		{DEB20918-8E1D-4A89-86F1-EDA69B698673}.Debug|Any CPU.ActiveCfg = Debug|Any CPU
		{DEB20918-8E1D-4A89-86F1-EDA69B698673}.Debug|Any CPU.Build.0 = Debug|Any CPU
		{DEB20918-8E1D-4A89-86F1-EDA69B698673}.Release|Any CPU.ActiveCfg = Release|Any CPU
		{DEB20918-8E1D-4A89-86F1-EDA69B698673}.Release|Any CPU.Build.0 = Release|Any CPU
		{7BE6E888-7406-4FC1-9F93-A30DDEA2B102}.Debug|Any CPU.ActiveCfg = Debug|Any CPU
		{7BE6E888-7406-4FC1-9F93-A30DDEA2B102}.Debug|Any CPU.Build.0 = Debug|Any CPU
		{7BE6E888-7406-4FC1-9F93-A30DDEA2B102}.Release|Any CPU.ActiveCfg = Release|Any CPU
		{7BE6E888-7406-4FC1-9F93-A30DDEA2B102}.Release|Any CPU.Build.0 = Release|Any CPU
		{8F42E95F-055B-42CA-9804-C9722D30F090}.Debug|Any CPU.ActiveCfg = Debug|Any CPU
		{8F42E95F-055B-42CA-9804-C9722D30F090}.Debug|Any CPU.Build.0 = Debug|Any CPU
		{8F42E95F-055B-42CA-9804-C9722D30F090}.Release|Any CPU.ActiveCfg = Release|Any CPU
		{8F42E95F-055B-42CA-9804-C9722D30F090}.Release|Any CPU.Build.0 = Release|Any CPU
		{B8EF65A4-57E3-47D0-BA76-25F799A2CC36}.Debug|Any CPU.ActiveCfg = Debug|Any CPU
		{B8EF65A4-57E3-47D0-BA76-25F799A2CC36}.Debug|Any CPU.Build.0 = Debug|Any CPU
		{B8EF65A4-57E3-47D0-BA76-25F799A2CC36}.Release|Any CPU.ActiveCfg = Release|Any CPU
		{B8EF65A4-57E3-47D0-BA76-25F799A2CC36}.Release|Any CPU.Build.0 = Release|Any CPU
	EndGlobalSection
	GlobalSection(SolutionProperties) = preSolution
		HideSolutionNode = FALSE
	EndGlobalSection
	GlobalSection(NestedProjects) = preSolution
		{DEB20918-8E1D-4A89-86F1-EDA69B698673} = {9196B93B-0FE8-4467-99D3-43DFC59D858F}
		{7BE6E888-7406-4FC1-9F93-A30DDEA2B102} = {9196B93B-0FE8-4467-99D3-43DFC59D858F}
		{8F42E95F-055B-42CA-9804-C9722D30F090} = {7B9F84E5-B822-4F65-B2D3-4C77B0C6D514}
		{B8EF65A4-57E3-47D0-BA76-25F799A2CC36} = {9196B93B-0FE8-4467-99D3-43DFC59D858F}
	EndGlobalSection
	GlobalSection(ExtensibilityGlobals) = postSolution
		SolutionGuid = {54A70126-384E-4CFB-86F5-A0A83B8E74BF}
	EndGlobalSection
EndGlobal
